// !$*UTF8*$!
{
	archiveVersion = 1;
	classes = {
	};
	objectVersion = 56;
	objects = {

/* Begin PBXBuildFile section */
		CE3D21C42CBA183100F92492 /* DemoExamCourseApp.swift in Sources */ = {isa = PBXBuildFile; fileRef = CE3D21C32CBA183100F92492 /* DemoExamCourseApp.swift */; };
		CE3D21C62CBA183100F92492 /* ContentView.swift in Sources */ = {isa = PBXBuildFile; fileRef = CE3D21C52CBA183100F92492 /* ContentView.swift */; };
		CE3D21C82CBA183400F92492 /* Assets.xcassets in Resources */ = {isa = PBXBuildFile; fileRef = CE3D21C72CBA183400F92492 /* Assets.xcassets */; };
		CE3D21CB2CBA183400F92492 /* Preview Assets.xcassets in Resources */ = {isa = PBXBuildFile; fileRef = CE3D21CA2CBA183400F92492 /* Preview Assets.xcassets */; };
		CE3D21D52CBA1A3200F92492 /* CustomCheckBox.swift in Sources */ = {isa = PBXBuildFile; fileRef = CE3D21D42CBA1A3200F92492 /* CustomCheckBox.swift */; };
		CE3D21D92CBA1A5B00F92492 /* CustomTextField.swift in Sources */ = {isa = PBXBuildFile; fileRef = CE3D21D82CBA1A5B00F92492 /* CustomTextField.swift */; };
		CE3D21DB2CBA1A7300F92492 /* CustomSecuredField.swift in Sources */ = {isa = PBXBuildFile; fileRef = CE3D21DA2CBA1A7300F92492 /* CustomSecuredField.swift */; };
		CE3D21DD2CBA1A8500F92492 /* CustomBoxNumber.swift in Sources */ = {isa = PBXBuildFile; fileRef = CE3D21DC2CBA1A8500F92492 /* CustomBoxNumber.swift */; };
		CE3D21EB2CBA1AEF00F92492 /* Roboto-Bold.ttf in Resources */ = {isa = PBXBuildFile; fileRef = CE3D21DF2CBA1AEE00F92492 /* Roboto-Bold.ttf */; };
		CE3D21EC2CBA1AEF00F92492 /* Roboto-Black.ttf in Resources */ = {isa = PBXBuildFile; fileRef = CE3D21E02CBA1AEE00F92492 /* Roboto-Black.ttf */; };
		CE3D21ED2CBA1AEF00F92492 /* Roboto-MediumItalic.ttf in Resources */ = {isa = PBXBuildFile; fileRef = CE3D21E12CBA1AEE00F92492 /* Roboto-MediumItalic.ttf */; };
		CE3D21EE2CBA1AEF00F92492 /* Roboto-ThinItalic.ttf in Resources */ = {isa = PBXBuildFile; fileRef = CE3D21E22CBA1AEE00F92492 /* Roboto-ThinItalic.ttf */; };
		CE3D21EF2CBA1AEF00F92492 /* Roboto-Medium.ttf in Resources */ = {isa = PBXBuildFile; fileRef = CE3D21E32CBA1AEE00F92492 /* Roboto-Medium.ttf */; };
		CE3D21F02CBA1AEF00F92492 /* Roboto-Thin.ttf in Resources */ = {isa = PBXBuildFile; fileRef = CE3D21E42CBA1AEE00F92492 /* Roboto-Thin.ttf */; };
		CE3D21F12CBA1AEF00F92492 /* Roboto-Light.ttf in Resources */ = {isa = PBXBuildFile; fileRef = CE3D21E52CBA1AEE00F92492 /* Roboto-Light.ttf */; };
		CE3D21F22CBA1AEF00F92492 /* Roboto-BoldItalic.ttf in Resources */ = {isa = PBXBuildFile; fileRef = CE3D21E62CBA1AEE00F92492 /* Roboto-BoldItalic.ttf */; };
		CE3D21F32CBA1AEF00F92492 /* Roboto-Regular.ttf in Resources */ = {isa = PBXBuildFile; fileRef = CE3D21E72CBA1AEE00F92492 /* Roboto-Regular.ttf */; };
		CE3D21F42CBA1AEF00F92492 /* Roboto-BlackItalic.ttf in Resources */ = {isa = PBXBuildFile; fileRef = CE3D21E82CBA1AEE00F92492 /* Roboto-BlackItalic.ttf */; };
		CE3D21F52CBA1AEF00F92492 /* Roboto-LightItalic.ttf in Resources */ = {isa = PBXBuildFile; fileRef = CE3D21E92CBA1AEE00F92492 /* Roboto-LightItalic.ttf */; };
		CE3D21F62CBA1AEF00F92492 /* Roboto-Italic.ttf in Resources */ = {isa = PBXBuildFile; fileRef = CE3D21EA2CBA1AEF00F92492 /* Roboto-Italic.ttf */; };
/* End PBXBuildFile section */

/* Begin PBXFileReference section */
		CE3D21C02CBA183100F92492 /* DemoExamCourse.app */ = {isa = PBXFileReference; explicitFileType = wrapper.application; includeInIndex = 0; path = DemoExamCourse.app; sourceTree = BUILT_PRODUCTS_DIR; };
		CE3D21C32CBA183100F92492 /* DemoExamCourseApp.swift */ = {isa = PBXFileReference; lastKnownFileType = sourcecode.swift; path = DemoExamCourseApp.swift; sourceTree = "<group>"; };
		CE3D21C52CBA183100F92492 /* ContentView.swift */ = {isa = PBXFileReference; lastKnownFileType = sourcecode.swift; path = ContentView.swift; sourceTree = "<group>"; };
		CE3D21C72CBA183400F92492 /* Assets.xcassets */ = {isa = PBXFileReference; lastKnownFileType = folder.assetcatalog; path = Assets.xcassets; sourceTree = "<group>"; };
		CE3D21CA2CBA183400F92492 /* Preview Assets.xcassets */ = {isa = PBXFileReference; lastKnownFileType = folder.assetcatalog; path = "Preview Assets.xcassets"; sourceTree = "<group>"; };
		CE3D21D42CBA1A3200F92492 /* CustomCheckBox.swift */ = {isa = PBXFileReference; lastKnownFileType = sourcecode.swift; path = CustomCheckBox.swift; sourceTree = "<group>"; };
		CE3D21D82CBA1A5B00F92492 /* CustomTextField.swift */ = {isa = PBXFileReference; lastKnownFileType = sourcecode.swift; path = CustomTextField.swift; sourceTree = "<group>"; };
		CE3D21DA2CBA1A7300F92492 /* CustomSecuredField.swift */ = {isa = PBXFileReference; lastKnownFileType = sourcecode.swift; path = CustomSecuredField.swift; sourceTree = "<group>"; };
		CE3D21DC2CBA1A8500F92492 /* CustomBoxNumber.swift */ = {isa = PBXFileReference; lastKnownFileType = sourcecode.swift; path = CustomBoxNumber.swift; sourceTree = "<group>"; };
		CE3D21DF2CBA1AEE00F92492 /* Roboto-Bold.ttf */ = {isa = PBXFileReference; lastKnownFileType = file; path = "Roboto-Bold.ttf"; sourceTree = "<group>"; };
		CE3D21E02CBA1AEE00F92492 /* Roboto-Black.ttf */ = {isa = PBXFileReference; lastKnownFileType = file; path = "Roboto-Black.ttf"; sourceTree = "<group>"; };
		CE3D21E12CBA1AEE00F92492 /* Roboto-MediumItalic.ttf */ = {isa = PBXFileReference; lastKnownFileType = file; path = "Roboto-MediumItalic.ttf"; sourceTree = "<group>"; };
		CE3D21E22CBA1AEE00F92492 /* Roboto-ThinItalic.ttf */ = {isa = PBXFileReference; lastKnownFileType = file; path = "Roboto-ThinItalic.ttf"; sourceTree = "<group>"; };
		CE3D21E32CBA1AEE00F92492 /* Roboto-Medium.ttf */ = {isa = PBXFileReference; lastKnownFileType = file; path = "Roboto-Medium.ttf"; sourceTree = "<group>"; };
		CE3D21E42CBA1AEE00F92492 /* Roboto-Thin.ttf */ = {isa = PBXFileReference; lastKnownFileType = file; path = "Roboto-Thin.ttf"; sourceTree = "<group>"; };
		CE3D21E52CBA1AEE00F92492 /* Roboto-Light.ttf */ = {isa = PBXFileReference; lastKnownFileType = file; path = "Roboto-Light.ttf"; sourceTree = "<group>"; };
		CE3D21E62CBA1AEE00F92492 /* Roboto-BoldItalic.ttf */ = {isa = PBXFileReference; lastKnownFileType = file; path = "Roboto-BoldItalic.ttf"; sourceTree = "<group>"; };
		CE3D21E72CBA1AEE00F92492 /* Roboto-Regular.ttf */ = {isa = PBXFileReference; lastKnownFileType = file; path = "Roboto-Regular.ttf"; sourceTree = "<group>"; };
		CE3D21E82CBA1AEE00F92492 /* Roboto-BlackItalic.ttf */ = {isa = PBXFileReference; lastKnownFileType = file; path = "Roboto-BlackItalic.ttf"; sourceTree = "<group>"; };
		CE3D21E92CBA1AEE00F92492 /* Roboto-LightItalic.ttf */ = {isa = PBXFileReference; lastKnownFileType = file; path = "Roboto-LightItalic.ttf"; sourceTree = "<group>"; };
		CE3D21EA2CBA1AEF00F92492 /* Roboto-Italic.ttf */ = {isa = PBXFileReference; lastKnownFileType = file; path = "Roboto-Italic.ttf"; sourceTree = "<group>"; };
/* End PBXFileReference section */

/* Begin PBXFrameworksBuildPhase section */
		CE3D21BD2CBA183100F92492 /* Frameworks */ = {
			isa = PBXFrameworksBuildPhase;
			buildActionMask = 2147483647;
			files = (
			);
			runOnlyForDeploymentPostprocessing = 0;
		};
/* End PBXFrameworksBuildPhase section */

/* Begin PBXGroup section */
		CE3D21B72CBA183100F92492 = {
			isa = PBXGroup;
			children = (
				CE3D21C22CBA183100F92492 /* DemoExamCourse */,
				CE3D21C12CBA183100F92492 /* Products */,
			);
			sourceTree = "<group>";
		};
		CE3D21C12CBA183100F92492 /* Products */ = {
			isa = PBXGroup;
			children = (
				CE3D21C02CBA183100F92492 /* DemoExamCourse.app */,
			);
			name = Products;
			sourceTree = "<group>";
		};
		CE3D21C22CBA183100F92492 /* DemoExamCourse */ = {
			isa = PBXGroup;
			children = (
				CE3D21D32CBA188700F92492 /* View */,
				CE3D21D22CBA187F00F92492 /* Models */,
				CE3D21D12CBA187900F92492 /* ViewModel */,
				CE3D21C32CBA183100F92492 /* DemoExamCourseApp.swift */,
				CE3D21C52CBA183100F92492 /* ContentView.swift */,
				CE3D21C72CBA183400F92492 /* Assets.xcassets */,
				CE3D21C92CBA183400F92492 /* Preview Content */,
			);
			path = DemoExamCourse;
			sourceTree = "<group>";
		};
		CE3D21C92CBA183400F92492 /* Preview Content */ = {
			isa = PBXGroup;
			children = (
				CE3D21CA2CBA183400F92492 /* Preview Assets.xcassets */,
			);
			path = "Preview Content";
			sourceTree = "<group>";
		};
		CE3D21D12CBA187900F92492 /* ViewModel */ = {
			isa = PBXGroup;
			children = (
			);
			path = ViewModel;
			sourceTree = "<group>";
		};
		CE3D21D22CBA187F00F92492 /* Models */ = {
			isa = PBXGroup;
			children = (
			);
			path = Models;
			sourceTree = "<group>";
		};
		CE3D21D32CBA188700F92492 /* View */ = {
			isa = PBXGroup;
			children = (
				CE3D21DE2CBA1AC500F92492 /* Fonts */,
				CE3D21D62CBA1A3E00F92492 /* Components */,
			);
			path = View;
			sourceTree = "<group>";
		};
		CE3D21D62CBA1A3E00F92492 /* Components */ = {
			isa = PBXGroup;
			children = (
				CE3D21D42CBA1A3200F92492 /* CustomCheckBox.swift */,
				CE3D21D82CBA1A5B00F92492 /* CustomTextField.swift */,
				CE3D21DA2CBA1A7300F92492 /* CustomSecuredField.swift */,
				CE3D21DC2CBA1A8500F92492 /* CustomBoxNumber.swift */,
			);
			path = Components;
			sourceTree = "<group>";
		};
		CE3D21DE2CBA1AC500F92492 /* Fonts */ = {
			isa = PBXGroup;
			children = (
				CE3D21E02CBA1AEE00F92492 /* Roboto-Black.ttf */,
				CE3D21E82CBA1AEE00F92492 /* Roboto-BlackItalic.ttf */,
				CE3D21DF2CBA1AEE00F92492 /* Roboto-Bold.ttf */,
				CE3D21E62CBA1AEE00F92492 /* Roboto-BoldItalic.ttf */,
				CE3D21EA2CBA1AEF00F92492 /* Roboto-Italic.ttf */,
				CE3D21E52CBA1AEE00F92492 /* Roboto-Light.ttf */,
				CE3D21E92CBA1AEE00F92492 /* Roboto-LightItalic.ttf */,
				CE3D21E32CBA1AEE00F92492 /* Roboto-Medium.ttf */,
				CE3D21E12CBA1AEE00F92492 /* Roboto-MediumItalic.ttf */,
				CE3D21E72CBA1AEE00F92492 /* Roboto-Regular.ttf */,
				CE3D21E42CBA1AEE00F92492 /* Roboto-Thin.ttf */,
				CE3D21E22CBA1AEE00F92492 /* Roboto-ThinItalic.ttf */,
			);
			path = Fonts;
			sourceTree = "<group>";
		};
/* End PBXGroup section */

/* Begin PBXNativeTarget section */
		CE3D21BF2CBA183100F92492 /* DemoExamCourse */ = {
			isa = PBXNativeTarget;
			buildConfigurationList = CE3D21CE2CBA183400F92492 /* Build configuration list for PBXNativeTarget "DemoExamCourse" */;
			buildPhases = (
				CE3D21BC2CBA183100F92492 /* Sources */,
				CE3D21BD2CBA183100F92492 /* Frameworks */,
				CE3D21BE2CBA183100F92492 /* Resources */,
			);
			buildRules = (
			);
			dependencies = (
			);
			name = DemoExamCourse;
			productName = DemoExamCourse;
			productReference = CE3D21C02CBA183100F92492 /* DemoExamCourse.app */;
			productType = "com.apple.product-type.application";
		};
/* End PBXNativeTarget section */

/* Begin PBXProject section */
		CE3D21B82CBA183100F92492 /* Project object */ = {
			isa = PBXProject;
			attributes = {
				BuildIndependentTargetsInParallel = 1;
				LastSwiftUpdateCheck = 1540;
				LastUpgradeCheck = 1540;
				TargetAttributes = {
					CE3D21BF2CBA183100F92492 = {
						CreatedOnToolsVersion = 15.4;
					};
				};
			};
			buildConfigurationList = CE3D21BB2CBA183100F92492 /* Build configuration list for PBXProject "DemoExamCourse" */;
			compatibilityVersion = "Xcode 14.0";
			developmentRegion = en;
			hasScannedForEncodings = 0;
			knownRegions = (
				en,
				Base,
			);
			mainGroup = CE3D21B72CBA183100F92492;
			productRefGroup = CE3D21C12CBA183100F92492 /* Products */;
			projectDirPath = "";
			projectRoot = "";
			targets = (
				CE3D21BF2CBA183100F92492 /* DemoExamCourse */,
			);
		};
/* End PBXProject section */

/* Begin PBXResourcesBuildPhase section */
		CE3D21BE2CBA183100F92492 /* Resources */ = {
			isa = PBXResourcesBuildPhase;
			buildActionMask = 2147483647;
			files = (
				CE3D21F02CBA1AEF00F92492 /* Roboto-Thin.ttf in Resources */,
				CE3D21F32CBA1AEF00F92492 /* Roboto-Regular.ttf in Resources */,
				CE3D21EE2CBA1AEF00F92492 /* Roboto-ThinItalic.ttf in Resources */,
				CE3D21CB2CBA183400F92492 /* Preview Assets.xcassets in Resources */,
				CE3D21F52CBA1AEF00F92492 /* Roboto-LightItalic.ttf in Resources */,
				CE3D21ED2CBA1AEF00F92492 /* Roboto-MediumItalic.ttf in Resources */,
				CE3D21EF2CBA1AEF00F92492 /* Roboto-Medium.ttf in Resources */,
				CE3D21C82CBA183400F92492 /* Assets.xcassets in Resources */,
				CE3D21F42CBA1AEF00F92492 /* Roboto-BlackItalic.ttf in Resources */,
				CE3D21EB2CBA1AEF00F92492 /* Roboto-Bold.ttf in Resources */,
				CE3D21EC2CBA1AEF00F92492 /* Roboto-Black.ttf in Resources */,
				CE3D21F62CBA1AEF00F92492 /* Roboto-Italic.ttf in Resources */,
				CE3D21F22CBA1AEF00F92492 /* Roboto-BoldItalic.ttf in Resources */,
				CE3D21F12CBA1AEF00F92492 /* Roboto-Light.ttf in Resources */,
			);
			runOnlyForDeploymentPostprocessing = 0;
		};
/* End PBXResourcesBuildPhase section */

/* Begin PBXSourcesBuildPhase section */
		CE3D21BC2CBA183100F92492 /* Sources */ = {
			isa = PBXSourcesBuildPhase;
			buildActionMask = 2147483647;
			files = (
				CE3D21D92CBA1A5B00F92492 /* CustomTextField.swift in Sources */,
				CE3D21C62CBA183100F92492 /* ContentView.swift in Sources */,
				CE3D21C42CBA183100F92492 /* DemoExamCourseApp.swift in Sources */,
				CE3D21DB2CBA1A7300F92492 /* CustomSecuredField.swift in Sources */,
				CE3D21D52CBA1A3200F92492 /* CustomCheckBox.swift in Sources */,
				CE3D21DD2CBA1A8500F92492 /* CustomBoxNumber.swift in Sources */,
			);
			runOnlyForDeploymentPostprocessing = 0;
		};
/* End PBXSourcesBuildPhase section */

/* Begin XCBuildConfiguration section */
		CE3D21CC2CBA183400F92492 /* Debug */ = {
			isa = XCBuildConfiguration;
			buildSettings = {
				ALWAYS_SEARCH_USER_PATHS = NO;
				ASSETCATALOG_COMPILER_GENERATE_SWIFT_ASSET_SYMBOL_EXTENSIONS = YES;
				CLANG_ANALYZER_NONNULL = YES;
				CLANG_ANALYZER_NUMBER_OBJECT_CONVERSION = YES_AGGRESSIVE;
				CLANG_CXX_LANGUAGE_STANDARD = "gnu++20";
				CLANG_ENABLE_MODULES = YES;
				CLANG_ENABLE_OBJC_ARC = YES;
				CLANG_ENABLE_OBJC_WEAK = YES;
				CLANG_WARN_BLOCK_CAPTURE_AUTORELEASING = YES;
				CLANG_WARN_BOOL_CONVERSION = YES;
				CLANG_WARN_COMMA = YES;
				CLANG_WARN_CONSTANT_CONVERSION = YES;
				CLANG_WARN_DEPRECATED_OBJC_IMPLEMENTATIONS = YES;
				CLANG_WARN_DIRECT_OBJC_ISA_USAGE = YES_ERROR;
				CLANG_WARN_DOCUMENTATION_COMMENTS = YES;
				CLANG_WARN_EMPTY_BODY = YES;
				CLANG_WARN_ENUM_CONVERSION = YES;
				CLANG_WARN_INFINITE_RECURSION = YES;
				CLANG_WARN_INT_CONVERSION = YES;
				CLANG_WARN_NON_LITERAL_NULL_CONVERSION = YES;
				CLANG_WARN_OBJC_IMPLICIT_RETAIN_SELF = YES;
				CLANG_WARN_OBJC_LITERAL_CONVERSION = YES;
				CLANG_WARN_OBJC_ROOT_CLASS = YES_ERROR;
				CLANG_WARN_QUOTED_INCLUDE_IN_FRAMEWORK_HEADER = YES;
				CLANG_WARN_RANGE_LOOP_ANALYSIS = YES;
				CLANG_WARN_STRICT_PROTOTYPES = YES;
				CLANG_WARN_SUSPICIOUS_MOVE = YES;
				CLANG_WARN_UNGUARDED_AVAILABILITY = YES_AGGRESSIVE;
				CLANG_WARN_UNREACHABLE_CODE = YES;
				CLANG_WARN__DUPLICATE_METHOD_MATCH = YES;
				COPY_PHASE_STRIP = NO;
				DEBUG_INFORMATION_FORMAT = dwarf;
				ENABLE_STRICT_OBJC_MSGSEND = YES;
				ENABLE_TESTABILITY = YES;
				ENABLE_USER_SCRIPT_SANDBOXING = YES;
				GCC_C_LANGUAGE_STANDARD = gnu17;
				GCC_DYNAMIC_NO_PIC = NO;
				GCC_NO_COMMON_BLOCKS = YES;
				GCC_OPTIMIZATION_LEVEL = 0;
				GCC_PREPROCESSOR_DEFINITIONS = (
					"DEBUG=1",
					"$(inherited)",
				);
				GCC_WARN_64_TO_32_BIT_CONVERSION = YES;
				GCC_WARN_ABOUT_RETURN_TYPE = YES_ERROR;
				GCC_WARN_UNDECLARED_SELECTOR = YES;
				GCC_WARN_UNINITIALIZED_AUTOS = YES_AGGRESSIVE;
				GCC_WARN_UNUSED_FUNCTION = YES;
				GCC_WARN_UNUSED_VARIABLE = YES;
				IPHONEOS_DEPLOYMENT_TARGET = 17.5;
				LOCALIZATION_PREFERS_STRING_CATALOGS = YES;
				MTL_ENABLE_DEBUG_INFO = INCLUDE_SOURCE;
				MTL_FAST_MATH = YES;
				ONLY_ACTIVE_ARCH = YES;
				SDKROOT = iphoneos;
				SWIFT_ACTIVE_COMPILATION_CONDITIONS = "DEBUG $(inherited)";
				SWIFT_OPTIMIZATION_LEVEL = "-Onone";
			};
			name = Debug;
		};
		CE3D21CD2CBA183400F92492 /* Release */ = {
			isa = XCBuildConfiguration;
			buildSettings = {
				ALWAYS_SEARCH_USER_PATHS = NO;
				ASSETCATALOG_COMPILER_GENERATE_SWIFT_ASSET_SYMBOL_EXTENSIONS = YES;
				CLANG_ANALYZER_NONNULL = YES;
				CLANG_ANALYZER_NUMBER_OBJECT_CONVERSION = YES_AGGRESSIVE;
				CLANG_CXX_LANGUAGE_STANDARD = "gnu++20";
				CLANG_ENABLE_MODULES = YES;
				CLANG_ENABLE_OBJC_ARC = YES;
				CLANG_ENABLE_OBJC_WEAK = YES;
				CLANG_WARN_BLOCK_CAPTURE_AUTORELEASING = YES;
				CLANG_WARN_BOOL_CONVERSION = YES;
				CLANG_WARN_COMMA = YES;
				CLANG_WARN_CONSTANT_CONVERSION = YES;
				CLANG_WARN_DEPRECATED_OBJC_IMPLEMENTATIONS = YES;
				CLANG_WARN_DIRECT_OBJC_ISA_USAGE = YES_ERROR;
				CLANG_WARN_DOCUMENTATION_COMMENTS = YES;
				CLANG_WARN_EMPTY_BODY = YES;
				CLANG_WARN_ENUM_CONVERSION = YES;
				CLANG_WARN_INFINITE_RECURSION = YES;
				CLANG_WARN_INT_CONVERSION = YES;
				CLANG_WARN_NON_LITERAL_NULL_CONVERSION = YES;
				CLANG_WARN_OBJC_IMPLICIT_RETAIN_SELF = YES;
				CLANG_WARN_OBJC_LITERAL_CONVERSION = YES;
				CLANG_WARN_OBJC_ROOT_CLASS = YES_ERROR;
				CLANG_WARN_QUOTED_INCLUDE_IN_FRAMEWORK_HEADER = YES;
				CLANG_WARN_RANGE_LOOP_ANALYSIS = YES;
				CLANG_WARN_STRICT_PROTOTYPES = YES;
				CLANG_WARN_SUSPICIOUS_MOVE = YES;
				CLANG_WARN_UNGUARDED_AVAILABILITY = YES_AGGRESSIVE;
				CLANG_WARN_UNREACHABLE_CODE = YES;
				CLANG_WARN__DUPLICATE_METHOD_MATCH = YES;
				COPY_PHASE_STRIP = NO;
				DEBUG_INFORMATION_FORMAT = "dwarf-with-dsym";
				ENABLE_NS_ASSERTIONS = NO;
				ENABLE_STRICT_OBJC_MSGSEND = YES;
				ENABLE_USER_SCRIPT_SANDBOXING = YES;
				GCC_C_LANGUAGE_STANDARD = gnu17;
				GCC_NO_COMMON_BLOCKS = YES;
				GCC_WARN_64_TO_32_BIT_CONVERSION = YES;
				GCC_WARN_ABOUT_RETURN_TYPE = YES_ERROR;
				GCC_WARN_UNDECLARED_SELECTOR = YES;
				GCC_WARN_UNINITIALIZED_AUTOS = YES_AGGRESSIVE;
				GCC_WARN_UNUSED_FUNCTION = YES;
				GCC_WARN_UNUSED_VARIABLE = YES;
				IPHONEOS_DEPLOYMENT_TARGET = 17.5;
				LOCALIZATION_PREFERS_STRING_CATALOGS = YES;
				MTL_ENABLE_DEBUG_INFO = NO;
				MTL_FAST_MATH = YES;
				SDKROOT = iphoneos;
				SWIFT_COMPILATION_MODE = wholemodule;
				VALIDATE_PRODUCT = YES;
			};
			name = Release;
		};
		CE3D21CF2CBA183400F92492 /* Debug */ = {
			isa = XCBuildConfiguration;
			buildSettings = {
				ASSETCATALOG_COMPILER_APPICON_NAME = AppIcon;
				ASSETCATALOG_COMPILER_GLOBAL_ACCENT_COLOR_NAME = AccentColor;
				CODE_SIGN_STYLE = Automatic;
				CURRENT_PROJECT_VERSION = 1;
				DEVELOPMENT_ASSET_PATHS = "\"DemoExamCourse/Preview Content\"";
				ENABLE_PREVIEWS = YES;
				GENERATE_INFOPLIST_FILE = YES;
				INFOPLIST_KEY_UIApplicationSceneManifest_Generation = YES;
				INFOPLIST_KEY_UIApplicationSupportsIndirectInputEvents = YES;
				INFOPLIST_KEY_UILaunchScreen_Generation = YES;
				INFOPLIST_KEY_UISupportedInterfaceOrientations_iPad = "UIInterfaceOrientationPortrait UIInterfaceOrientationPortraitUpsideDown UIInterfaceOrientationLandscapeLeft UIInterfaceOrientationLandscapeRight";
				INFOPLIST_KEY_UISupportedInterfaceOrientations_iPhone = "UIInterfaceOrientationPortrait UIInterfaceOrientationLandscapeLeft UIInterfaceOrientationLandscapeRight";
				LD_RUNPATH_SEARCH_PATHS = (
					"$(inherited)",
					"@executable_path/Frameworks",
				);
				MARKETING_VERSION = 1.0;
				PRODUCT_BUNDLE_IDENTIFIER = mamsheva.DemoExamCourse;
				PRODUCT_NAME = "$(TARGET_NAME)";
				SWIFT_EMIT_LOC_STRINGS = YES;
				SWIFT_VERSION = 5.0;
				TARGETED_DEVICE_FAMILY = "1,2";
			};
			name = Debug;
		};
		CE3D21D02CBA183400F92492 /* Release */ = {
			isa = XCBuildConfiguration;
			buildSettings = {
				ASSETCATALOG_COMPILER_APPICON_NAME = AppIcon;
				ASSETCATALOG_COMPILER_GLOBAL_ACCENT_COLOR_NAME = AccentColor;
				CODE_SIGN_STYLE = Automatic;
				CURRENT_PROJECT_VERSION = 1;
				DEVELOPMENT_ASSET_PATHS = "\"DemoExamCourse/Preview Content\"";
				ENABLE_PREVIEWS = YES;
				GENERATE_INFOPLIST_FILE = YES;
				INFOPLIST_KEY_UIApplicationSceneManifest_Generation = YES;
				INFOPLIST_KEY_UIApplicationSupportsIndirectInputEvents = YES;
				INFOPLIST_KEY_UILaunchScreen_Generation = YES;
				INFOPLIST_KEY_UISupportedInterfaceOrientations_iPad = "UIInterfaceOrientationPortrait UIInterfaceOrientationPortraitUpsideDown UIInterfaceOrientationLandscapeLeft UIInterfaceOrientationLandscapeRight";
				INFOPLIST_KEY_UISupportedInterfaceOrientations_iPhone = "UIInterfaceOrientationPortrait UIInterfaceOrientationLandscapeLeft UIInterfaceOrientationLandscapeRight";
				LD_RUNPATH_SEARCH_PATHS = (
					"$(inherited)",
					"@executable_path/Frameworks",
				);
				MARKETING_VERSION = 1.0;
				PRODUCT_BUNDLE_IDENTIFIER = mamsheva.DemoExamCourse;
				PRODUCT_NAME = "$(TARGET_NAME)";
				SWIFT_EMIT_LOC_STRINGS = YES;
				SWIFT_VERSION = 5.0;
				TARGETED_DEVICE_FAMILY = "1,2";
			};
			name = Release;
		};
/* End XCBuildConfiguration section */

/* Begin XCConfigurationList section */
		CE3D21BB2CBA183100F92492 /* Build configuration list for PBXProject "DemoExamCourse" */ = {
			isa = XCConfigurationList;
			buildConfigurations = (
				CE3D21CC2CBA183400F92492 /* Debug */,
				CE3D21CD2CBA183400F92492 /* Release */,
			);
			defaultConfigurationIsVisible = 0;
			defaultConfigurationName = Release;
		};
		CE3D21CE2CBA183400F92492 /* Build configuration list for PBXNativeTarget "DemoExamCourse" */ = {
			isa = XCConfigurationList;
			buildConfigurations = (
				CE3D21CF2CBA183400F92492 /* Debug */,
				CE3D21D02CBA183400F92492 /* Release */,
			);
			defaultConfigurationIsVisible = 0;
			defaultConfigurationName = Release;
		};
/* End XCConfigurationList section */
	};
	rootObject = CE3D21B82CBA183100F92492 /* Project object */;
}
